// !$*UTF8*$!
{
	archiveVersion = 1;
	classes = {
	};
	objectVersion = 50;
	objects = {

/* Begin PBXBuildFile section */
		8D8F754223C9BAB8008D00EB /* AppDelegate.swift in Sources */ = {isa = PBXBuildFile; fileRef = 8D8F754123C9BAB8008D00EB /* AppDelegate.swift */; };
		8D8F754423C9BAB8008D00EB /* SceneDelegate.swift in Sources */ = {isa = PBXBuildFile; fileRef = 8D8F754323C9BAB8008D00EB /* SceneDelegate.swift */; };
		8D8F754623C9BAB8008D00EB /* ContentView.swift in Sources */ = {isa = PBXBuildFile; fileRef = 8D8F754523C9BAB8008D00EB /* ContentView.swift */; };
		8D8F754823C9BABA008D00EB /* Assets.xcassets in Resources */ = {isa = PBXBuildFile; fileRef = 8D8F754723C9BABA008D00EB /* Assets.xcassets */; };
		8D8F754B23C9BABA008D00EB /* Preview Assets.xcassets in Resources */ = {isa = PBXBuildFile; fileRef = 8D8F754A23C9BABA008D00EB /* Preview Assets.xcassets */; };
		8D8F754E23C9BABA008D00EB /* LaunchScreen.storyboard in Resources */ = {isa = PBXBuildFile; fileRef = 8D8F754C23C9BABA008D00EB /* LaunchScreen.storyboard */; };
		8D8F755923C9BABA008D00EB /* ifridgeTests.swift in Sources */ = {isa = PBXBuildFile; fileRef = 8D8F755823C9BABA008D00EB /* ifridgeTests.swift */; };
		8D8F756423C9BABA008D00EB /* ifridgeUITests.swift in Sources */ = {isa = PBXBuildFile; fileRef = 8D8F756323C9BABA008D00EB /* ifridgeUITests.swift */; };
/* End PBXBuildFile section */

/* Begin PBXContainerItemProxy section */
		8D8F755523C9BABA008D00EB /* PBXContainerItemProxy */ = {
			isa = PBXContainerItemProxy;
			containerPortal = 8D8F753623C9BAB8008D00EB /* Project object */;
			proxyType = 1;
			remoteGlobalIDString = 8D8F753D23C9BAB8008D00EB;
			remoteInfo = ifridge;
		};
		8D8F756023C9BABA008D00EB /* PBXContainerItemProxy */ = {
			isa = PBXContainerItemProxy;
			containerPortal = 8D8F753623C9BAB8008D00EB /* Project object */;
			proxyType = 1;
			remoteGlobalIDString = 8D8F753D23C9BAB8008D00EB;
			remoteInfo = ifridge;
		};
/* End PBXContainerItemProxy section */

/* Begin PBXFileReference section */
		8D8F753E23C9BAB8008D00EB /* ifridge.app */ = {isa = PBXFileReference; explicitFileType = wrapper.application; includeInIndex = 0; path = ifridge.app; sourceTree = BUILT_PRODUCTS_DIR; };
		8D8F754123C9BAB8008D00EB /* AppDelegate.swift */ = {isa = PBXFileReference; lastKnownFileType = sourcecode.swift; path = AppDelegate.swift; sourceTree = "<group>"; };
		8D8F754323C9BAB8008D00EB /* SceneDelegate.swift */ = {isa = PBXFileReference; lastKnownFileType = sourcecode.swift; path = SceneDelegate.swift; sourceTree = "<group>"; };
		8D8F754523C9BAB8008D00EB /* ContentView.swift */ = {isa = PBXFileReference; lastKnownFileType = sourcecode.swift; path = ContentView.swift; sourceTree = "<group>"; };
		8D8F754723C9BABA008D00EB /* Assets.xcassets */ = {isa = PBXFileReference; lastKnownFileType = folder.assetcatalog; path = Assets.xcassets; sourceTree = "<group>"; };
		8D8F754A23C9BABA008D00EB /* Preview Assets.xcassets */ = {isa = PBXFileReference; lastKnownFileType = folder.assetcatalog; path = "Preview Assets.xcassets"; sourceTree = "<group>"; };
		8D8F754D23C9BABA008D00EB /* Base */ = {isa = PBXFileReference; lastKnownFileType = file.storyboard; name = Base; path = Base.lproj/LaunchScreen.storyboard; sourceTree = "<group>"; };
		8D8F754F23C9BABA008D00EB /* Info.plist */ = {isa = PBXFileReference; lastKnownFileType = text.plist.xml; path = Info.plist; sourceTree = "<group>"; };
		8D8F755423C9BABA008D00EB /* ifridgeTests.xctest */ = {isa = PBXFileReference; explicitFileType = wrapper.cfbundle; includeInIndex = 0; path = ifridgeTests.xctest; sourceTree = BUILT_PRODUCTS_DIR; };
		8D8F755823C9BABA008D00EB /* ifridgeTests.swift */ = {isa = PBXFileReference; lastKnownFileType = sourcecode.swift; path = ifridgeTests.swift; sourceTree = "<group>"; };
		8D8F755A23C9BABA008D00EB /* Info.plist */ = {isa = PBXFileReference; lastKnownFileType = text.plist.xml; path = Info.plist; sourceTree = "<group>"; };
		8D8F755F23C9BABA008D00EB /* ifridgeUITests.xctest */ = {isa = PBXFileReference; explicitFileType = wrapper.cfbundle; includeInIndex = 0; path = ifridgeUITests.xctest; sourceTree = BUILT_PRODUCTS_DIR; };
		8D8F756323C9BABA008D00EB /* ifridgeUITests.swift */ = {isa = PBXFileReference; lastKnownFileType = sourcecode.swift; path = ifridgeUITests.swift; sourceTree = "<group>"; };
		8D8F756523C9BABA008D00EB /* Info.plist */ = {isa = PBXFileReference; lastKnownFileType = text.plist.xml; path = Info.plist; sourceTree = "<group>"; };
/* End PBXFileReference section */

/* Begin PBXFrameworksBuildPhase section */
		8D8F753B23C9BAB8008D00EB /* Frameworks */ = {
			isa = PBXFrameworksBuildPhase;
			buildActionMask = 2147483647;
			files = (
			);
			runOnlyForDeploymentPostprocessing = 0;
		};
		8D8F755123C9BABA008D00EB /* Frameworks */ = {
			isa = PBXFrameworksBuildPhase;
			buildActionMask = 2147483647;
			files = (
			);
			runOnlyForDeploymentPostprocessing = 0;
		};
		8D8F755C23C9BABA008D00EB /* Frameworks */ = {
			isa = PBXFrameworksBuildPhase;
			buildActionMask = 2147483647;
			files = (
			);
			runOnlyForDeploymentPostprocessing = 0;
		};
/* End PBXFrameworksBuildPhase section */

/* Begin PBXGroup section */
		8D8F753523C9BAB8008D00EB = {
			isa = PBXGroup;
			children = (
				8D8F754023C9BAB8008D00EB /* ifridge */,
				8D8F755723C9BABA008D00EB /* ifridgeTests */,
				8D8F756223C9BABA008D00EB /* ifridgeUITests */,
				8D8F753F23C9BAB8008D00EB /* Products */,
			);
			sourceTree = "<group>";
		};
		8D8F753F23C9BAB8008D00EB /* Products */ = {
			isa = PBXGroup;
			children = (
				8D8F753E23C9BAB8008D00EB /* ifridge.app */,
				8D8F755423C9BABA008D00EB /* ifridgeTests.xctest */,
				8D8F755F23C9BABA008D00EB /* ifridgeUITests.xctest */,
			);
			name = Products;
			sourceTree = "<group>";
		};
		8D8F754023C9BAB8008D00EB /* ifridge */ = {
			isa = PBXGroup;
			children = (
				8D8F754123C9BAB8008D00EB /* AppDelegate.swift */,
				8D8F754323C9BAB8008D00EB /* SceneDelegate.swift */,
				8D8F754523C9BAB8008D00EB /* ContentView.swift */,
				8D8F754723C9BABA008D00EB /* Assets.xcassets */,
				8D8F754C23C9BABA008D00EB /* LaunchScreen.storyboard */,
				8D8F754F23C9BABA008D00EB /* Info.plist */,
				8D8F754923C9BABA008D00EB /* Preview Content */,
			);
			path = ifridge;
			sourceTree = "<group>";
		};
		8D8F754923C9BABA008D00EB /* Preview Content */ = {
			isa = PBXGroup;
			children = (
				8D8F754A23C9BABA008D00EB /* Preview Assets.xcassets */,
			);
			path = "Preview Content";
			sourceTree = "<group>";
		};
		8D8F755723C9BABA008D00EB /* ifridgeTests */ = {
			isa = PBXGroup;
			children = (
				8D8F755823C9BABA008D00EB /* ifridgeTests.swift */,
				8D8F755A23C9BABA008D00EB /* Info.plist */,
			);
			path = ifridgeTests;
			sourceTree = "<group>";
		};
		8D8F756223C9BABA008D00EB /* ifridgeUITests */ = {
			isa = PBXGroup;
			children = (
				8D8F756323C9BABA008D00EB /* ifridgeUITests.swift */,
				8D8F756523C9BABA008D00EB /* Info.plist */,
			);
			path = ifridgeUITests;
			sourceTree = "<group>";
		};
/* End PBXGroup section */

/* Begin PBXNativeTarget section */
		8D8F753D23C9BAB8008D00EB /* ifridge */ = {
			isa = PBXNativeTarget;
			buildConfigurationList = 8D8F756823C9BABA008D00EB /* Build configuration list for PBXNativeTarget "ifridge" */;
			buildPhases = (
				8D8F753A23C9BAB8008D00EB /* Sources */,
				8D8F753B23C9BAB8008D00EB /* Frameworks */,
				8D8F753C23C9BAB8008D00EB /* Resources */,
			);
			buildRules = (
			);
			dependencies = (
			);
			name = ifridge;
			productName = ifridge;
			productReference = 8D8F753E23C9BAB8008D00EB /* ifridge.app */;
			productType = "com.apple.product-type.application";
		};
		8D8F755323C9BABA008D00EB /* ifridgeTests */ = {
			isa = PBXNativeTarget;
			buildConfigurationList = 8D8F756B23C9BABA008D00EB /* Build configuration list for PBXNativeTarget "ifridgeTests" */;
			buildPhases = (
				8D8F755023C9BABA008D00EB /* Sources */,
				8D8F755123C9BABA008D00EB /* Frameworks */,
				8D8F755223C9BABA008D00EB /* Resources */,
			);
			buildRules = (
			);
			dependencies = (
				8D8F755623C9BABA008D00EB /* PBXTargetDependency */,
			);
			name = ifridgeTests;
			productName = ifridgeTests;
			productReference = 8D8F755423C9BABA008D00EB /* ifridgeTests.xctest */;
			productType = "com.apple.product-type.bundle.unit-test";
		};
		8D8F755E23C9BABA008D00EB /* ifridgeUITests */ = {
			isa = PBXNativeTarget;
			buildConfigurationList = 8D8F756E23C9BABA008D00EB /* Build configuration list for PBXNativeTarget "ifridgeUITests" */;
			buildPhases = (
				8D8F755B23C9BABA008D00EB /* Sources */,
				8D8F755C23C9BABA008D00EB /* Frameworks */,
				8D8F755D23C9BABA008D00EB /* Resources */,
			);
			buildRules = (
			);
			dependencies = (
				8D8F756123C9BABA008D00EB /* PBXTargetDependency */,
			);
			name = ifridgeUITests;
			productName = ifridgeUITests;
			productReference = 8D8F755F23C9BABA008D00EB /* ifridgeUITests.xctest */;
			productType = "com.apple.product-type.bundle.ui-testing";
		};
/* End PBXNativeTarget section */

/* Begin PBXProject section */
		8D8F753623C9BAB8008D00EB /* Project object */ = {
			isa = PBXProject;
			attributes = {
				LastSwiftUpdateCheck = 1130;
				LastUpgradeCheck = 1130;
				ORGANIZATIONNAME = sbhacks;
				TargetAttributes = {
					8D8F753D23C9BAB8008D00EB = {
						CreatedOnToolsVersion = 11.3;
					};
					8D8F755323C9BABA008D00EB = {
						CreatedOnToolsVersion = 11.3;
						TestTargetID = 8D8F753D23C9BAB8008D00EB;
					};
					8D8F755E23C9BABA008D00EB = {
						CreatedOnToolsVersion = 11.3;
						TestTargetID = 8D8F753D23C9BAB8008D00EB;
					};
				};
			};
			buildConfigurationList = 8D8F753923C9BAB8008D00EB /* Build configuration list for PBXProject "ifridge" */;
			compatibilityVersion = "Xcode 9.3";
			developmentRegion = en;
			hasScannedForEncodings = 0;
			knownRegions = (
				en,
				Base,
			);
			mainGroup = 8D8F753523C9BAB8008D00EB;
			productRefGroup = 8D8F753F23C9BAB8008D00EB /* Products */;
			projectDirPath = "";
			projectRoot = "";
			targets = (
				8D8F753D23C9BAB8008D00EB /* ifridge */,
				8D8F755323C9BABA008D00EB /* ifridgeTests */,
				8D8F755E23C9BABA008D00EB /* ifridgeUITests */,
			);
		};
/* End PBXProject section */

/* Begin PBXResourcesBuildPhase section */
		8D8F753C23C9BAB8008D00EB /* Resources */ = {
			isa = PBXResourcesBuildPhase;
			buildActionMask = 2147483647;
			files = (
				8D8F754E23C9BABA008D00EB /* LaunchScreen.storyboard in Resources */,
				8D8F754B23C9BABA008D00EB /* Preview Assets.xcassets in Resources */,
				8D8F754823C9BABA008D00EB /* Assets.xcassets in Resources */,
			);
			runOnlyForDeploymentPostprocessing = 0;
		};
		8D8F755223C9BABA008D00EB /* Resources */ = {
			isa = PBXResourcesBuildPhase;
			buildActionMask = 2147483647;
			files = (
			);
			runOnlyForDeploymentPostprocessing = 0;
		};
		8D8F755D23C9BABA008D00EB /* Resources */ = {
			isa = PBXResourcesBuildPhase;
			buildActionMask = 2147483647;
			files = (
			);
			runOnlyForDeploymentPostprocessing = 0;
		};
/* End PBXResourcesBuildPhase section */

/* Begin PBXSourcesBuildPhase section */
		8D8F753A23C9BAB8008D00EB /* Sources */ = {
			isa = PBXSourcesBuildPhase;
			buildActionMask = 2147483647;
			files = (
				8D8F754223C9BAB8008D00EB /* AppDelegate.swift in Sources */,
				8D8F754423C9BAB8008D00EB /* SceneDelegate.swift in Sources */,
				8D8F754623C9BAB8008D00EB /* ContentView.swift in Sources */,
			);
			runOnlyForDeploymentPostprocessing = 0;
		};
		8D8F755023C9BABA008D00EB /* Sources */ = {
			isa = PBXSourcesBuildPhase;
			buildActionMask = 2147483647;
			files = (
				8D8F755923C9BABA008D00EB /* ifridgeTests.swift in Sources */,
			);
			runOnlyForDeploymentPostprocessing = 0;
		};
		8D8F755B23C9BABA008D00EB /* Sources */ = {
			isa = PBXSourcesBuildPhase;
			buildActionMask = 2147483647;
			files = (
				8D8F756423C9BABA008D00EB /* ifridgeUITests.swift in Sources */,
			);
			runOnlyForDeploymentPostprocessing = 0;
		};
/* End PBXSourcesBuildPhase section */

/* Begin PBXTargetDependency section */
		8D8F755623C9BABA008D00EB /* PBXTargetDependency */ = {
			isa = PBXTargetDependency;
			target = 8D8F753D23C9BAB8008D00EB /* ifridge */;
			targetProxy = 8D8F755523C9BABA008D00EB /* PBXContainerItemProxy */;
		};
		8D8F756123C9BABA008D00EB /* PBXTargetDependency */ = {
			isa = PBXTargetDependency;
			target = 8D8F753D23C9BAB8008D00EB /* ifridge */;
			targetProxy = 8D8F756023C9BABA008D00EB /* PBXContainerItemProxy */;
		};
/* End PBXTargetDependency section */

/* Begin PBXVariantGroup section */
		8D8F754C23C9BABA008D00EB /* LaunchScreen.storyboard */ = {
			isa = PBXVariantGroup;
			children = (
				8D8F754D23C9BABA008D00EB /* Base */,
			);
			name = LaunchScreen.storyboard;
			sourceTree = "<group>";
		};
/* End PBXVariantGroup section */

/* Begin XCBuildConfiguration section */
		8D8F756623C9BABA008D00EB /* Debug */ = {
			isa = XCBuildConfiguration;
			buildSettings = {
				ALWAYS_SEARCH_USER_PATHS = NO;
				CLANG_ANALYZER_NONNULL = YES;
				CLANG_ANALYZER_NUMBER_OBJECT_CONVERSION = YES_AGGRESSIVE;
				CLANG_CXX_LANGUAGE_STANDARD = "gnu++14";
				CLANG_CXX_LIBRARY = "libc++";
				CLANG_ENABLE_MODULES = YES;
				CLANG_ENABLE_OBJC_ARC = YES;
				CLANG_ENABLE_OBJC_WEAK = YES;
				CLANG_WARN_BLOCK_CAPTURE_AUTORELEASING = YES;
				CLANG_WARN_BOOL_CONVERSION = YES;
				CLANG_WARN_COMMA = YES;
				CLANG_WARN_CONSTANT_CONVERSION = YES;
				CLANG_WARN_DEPRECATED_OBJC_IMPLEMENTATIONS = YES;
				CLANG_WARN_DIRECT_OBJC_ISA_USAGE = YES_ERROR;
				CLANG_WARN_DOCUMENTATION_COMMENTS = YES;
				CLANG_WARN_EMPTY_BODY = YES;
				CLANG_WARN_ENUM_CONVERSION = YES;
				CLANG_WARN_INFINITE_RECURSION = YES;
				CLANG_WARN_INT_CONVERSION = YES;
				CLANG_WARN_NON_LITERAL_NULL_CONVERSION = YES;
				CLANG_WARN_OBJC_IMPLICIT_RETAIN_SELF = YES;
				CLANG_WARN_OBJC_LITERAL_CONVERSION = YES;
				CLANG_WARN_OBJC_ROOT_CLASS = YES_ERROR;
				CLANG_WARN_RANGE_LOOP_ANALYSIS = YES;
				CLANG_WARN_STRICT_PROTOTYPES = YES;
				CLANG_WARN_SUSPICIOUS_MOVE = YES;
				CLANG_WARN_UNGUARDED_AVAILABILITY = YES_AGGRESSIVE;
				CLANG_WARN_UNREACHABLE_CODE = YES;
				CLANG_WARN__DUPLICATE_METHOD_MATCH = YES;
				COPY_PHASE_STRIP = NO;
				DEBUG_INFORMATION_FORMAT = dwarf;
				ENABLE_STRICT_OBJC_MSGSEND = YES;
				ENABLE_TESTABILITY = YES;
				GCC_C_LANGUAGE_STANDARD = gnu11;
				GCC_DYNAMIC_NO_PIC = NO;
				GCC_NO_COMMON_BLOCKS = YES;
				GCC_OPTIMIZATION_LEVEL = 0;
				GCC_PREPROCESSOR_DEFINITIONS = (
					"DEBUG=1",
					"$(inherited)",
				);
				GCC_WARN_64_TO_32_BIT_CONVERSION = YES;
				GCC_WARN_ABOUT_RETURN_TYPE = YES_ERROR;
				GCC_WARN_UNDECLARED_SELECTOR = YES;
				GCC_WARN_UNINITIALIZED_AUTOS = YES_AGGRESSIVE;
				GCC_WARN_UNUSED_FUNCTION = YES;
				GCC_WARN_UNUSED_VARIABLE = YES;
				IPHONEOS_DEPLOYMENT_TARGET = 13.2;
				MTL_ENABLE_DEBUG_INFO = INCLUDE_SOURCE;
				MTL_FAST_MATH = YES;
				ONLY_ACTIVE_ARCH = YES;
				SDKROOT = iphoneos;
				SWIFT_ACTIVE_COMPILATION_CONDITIONS = DEBUG;
				SWIFT_OPTIMIZATION_LEVEL = "-Onone";
			};
			name = Debug;
		};
		8D8F756723C9BABA008D00EB /* Release */ = {
			isa = XCBuildConfiguration;
			buildSettings = {
				ALWAYS_SEARCH_USER_PATHS = NO;
				CLANG_ANALYZER_NONNULL = YES;
				CLANG_ANALYZER_NUMBER_OBJECT_CONVERSION = YES_AGGRESSIVE;
				CLANG_CXX_LANGUAGE_STANDARD = "gnu++14";
				CLANG_CXX_LIBRARY = "libc++";
				CLANG_ENABLE_MODULES = YES;
				CLANG_ENABLE_OBJC_ARC = YES;
				CLANG_ENABLE_OBJC_WEAK = YES;
				CLANG_WARN_BLOCK_CAPTURE_AUTORELEASING = YES;
				CLANG_WARN_BOOL_CONVERSION = YES;
				CLANG_WARN_COMMA = YES;
				CLANG_WARN_CONSTANT_CONVERSION = YES;
				CLANG_WARN_DEPRECATED_OBJC_IMPLEMENTATIONS = YES;
				CLANG_WARN_DIRECT_OBJC_ISA_USAGE = YES_ERROR;
				CLANG_WARN_DOCUMENTATION_COMMENTS = YES;
				CLANG_WARN_EMPTY_BODY = YES;
				CLANG_WARN_ENUM_CONVERSION = YES;
				CLANG_WARN_INFINITE_RECURSION = YES;
				CLANG_WARN_INT_CONVERSION = YES;
				CLANG_WARN_NON_LITERAL_NULL_CONVERSION = YES;
				CLANG_WARN_OBJC_IMPLICIT_RETAIN_SELF = YES;
				CLANG_WARN_OBJC_LITERAL_CONVERSION = YES;
				CLANG_WARN_OBJC_ROOT_CLASS = YES_ERROR;
				CLANG_WARN_RANGE_LOOP_ANALYSIS = YES;
				CLANG_WARN_STRICT_PROTOTYPES = YES;
				CLANG_WARN_SUSPICIOUS_MOVE = YES;
				CLANG_WARN_UNGUARDED_AVAILABILITY = YES_AGGRESSIVE;
				CLANG_WARN_UNREACHABLE_CODE = YES;
				CLANG_WARN__DUPLICATE_METHOD_MATCH = YES;
				COPY_PHASE_STRIP = NO;
				DEBUG_INFORMATION_FORMAT = "dwarf-with-dsym";
				ENABLE_NS_ASSERTIONS = NO;
				ENABLE_STRICT_OBJC_MSGSEND = YES;
				GCC_C_LANGUAGE_STANDARD = gnu11;
				GCC_NO_COMMON_BLOCKS = YES;
				GCC_WARN_64_TO_32_BIT_CONVERSION = YES;
				GCC_WARN_ABOUT_RETURN_TYPE = YES_ERROR;
				GCC_WARN_UNDECLARED_SELECTOR = YES;
				GCC_WARN_UNINITIALIZED_AUTOS = YES_AGGRESSIVE;
				GCC_WARN_UNUSED_FUNCTION = YES;
				GCC_WARN_UNUSED_VARIABLE = YES;
				IPHONEOS_DEPLOYMENT_TARGET = 13.2;
				MTL_ENABLE_DEBUG_INFO = NO;
				MTL_FAST_MATH = YES;
				SDKROOT = iphoneos;
				SWIFT_COMPILATION_MODE = wholemodule;
				SWIFT_OPTIMIZATION_LEVEL = "-O";
				VALIDATE_PRODUCT = YES;
			};
			name = Release;
		};
		8D8F756923C9BABA008D00EB /* Debug */ = {
			isa = XCBuildConfiguration;
			buildSettings = {
				ASSETCATALOG_COMPILER_APPICON_NAME = AppIcon;
				CODE_SIGN_STYLE = Automatic;
				DEVELOPMENT_ASSET_PATHS = "\"ifridge/Preview Content\"";
				ENABLE_PREVIEWS = YES;
				INFOPLIST_FILE = ifridge/Info.plist;
				LD_RUNPATH_SEARCH_PATHS = (
					"$(inherited)",
					"@executable_path/Frameworks",
				);
				PRODUCT_BUNDLE_IDENTIFIER = com.sbhacksvi.ifridge;
				PRODUCT_NAME = "$(TARGET_NAME)";
				SWIFT_VERSION = 5.0;
				TARGETED_DEVICE_FAMILY = "1,2";
			};
			name = Debug;
		};
		8D8F756A23C9BABA008D00EB /* Release */ = {
			isa = XCBuildConfiguration;
			buildSettings = {
				ASSETCATALOG_COMPILER_APPICON_NAME = AppIcon;
				CODE_SIGN_STYLE = Automatic;
				DEVELOPMENT_ASSET_PATHS = "\"ifridge/Preview Content\"";
				ENABLE_PREVIEWS = YES;
				INFOPLIST_FILE = ifridge/Info.plist;
				LD_RUNPATH_SEARCH_PATHS = (
					"$(inherited)",
					"@executable_path/Frameworks",
				);
				PRODUCT_BUNDLE_IDENTIFIER = com.sbhacksvi.ifridge;
				PRODUCT_NAME = "$(TARGET_NAME)";
				SWIFT_VERSION = 5.0;
				TARGETED_DEVICE_FAMILY = "1,2";
			};
			name = Release;
		};
		8D8F756C23C9BABA008D00EB /* Debug */ = {
			isa = XCBuildConfiguration;
			buildSettings = {
				ALWAYS_EMBED_SWIFT_STANDARD_LIBRARIES = YES;
				BUNDLE_LOADER = "$(TEST_HOST)";
				CODE_SIGN_STYLE = Automatic;
				INFOPLIST_FILE = ifridgeTests/Info.plist;
				IPHONEOS_DEPLOYMENT_TARGET = 13.2;
				LD_RUNPATH_SEARCH_PATHS = (
					"$(inherited)",
					"@executable_path/Frameworks",
					"@loader_path/Frameworks",
				);
				PRODUCT_BUNDLE_IDENTIFIER = com.sbhacksvi.ifridgeTests;
				PRODUCT_NAME = "$(TARGET_NAME)";
				SWIFT_VERSION = 5.0;
				TARGETED_DEVICE_FAMILY = "1,2";
				TEST_HOST = "$(BUILT_PRODUCTS_DIR)/ifridge.app/ifridge";
			};
			name = Debug;
		};
		8D8F756D23C9BABA008D00EB /* Release */ = {
			isa = XCBuildConfiguration;
			buildSettings = {
				ALWAYS_EMBED_SWIFT_STANDARD_LIBRARIES = YES;
				BUNDLE_LOADER = "$(TEST_HOST)";
				CODE_SIGN_STYLE = Automatic;
				INFOPLIST_FILE = ifridgeTests/Info.plist;
				IPHONEOS_DEPLOYMENT_TARGET = 13.2;
				LD_RUNPATH_SEARCH_PATHS = (
					"$(inherited)",
					"@executable_path/Frameworks",
					"@loader_path/Frameworks",
				);
				PRODUCT_BUNDLE_IDENTIFIER = com.sbhacksvi.ifridgeTests;
				PRODUCT_NAME = "$(TARGET_NAME)";
				SWIFT_VERSION = 5.0;
				TARGETED_DEVICE_FAMILY = "1,2";
				TEST_HOST = "$(BUILT_PRODUCTS_DIR)/ifridge.app/ifridge";
			};
			name = Release;
		};
		8D8F756F23C9BABA008D00EB /* Debug */ = {
			isa = XCBuildConfiguration;
			buildSettings = {
				ALWAYS_EMBED_SWIFT_STANDARD_LIBRARIES = YES;
				CODE_SIGN_STYLE = Automatic;
				INFOPLIST_FILE = ifridgeUITests/Info.plist;
				LD_RUNPATH_SEARCH_PATHS = (
					"$(inherited)",
					"@executable_path/Frameworks",
					"@loader_path/Frameworks",
				);
				PRODUCT_BUNDLE_IDENTIFIER = com.sbhacksvi.ifridgeUITests;
				PRODUCT_NAME = "$(TARGET_NAME)";
				SWIFT_VERSION = 5.0;
				TARGETED_DEVICE_FAMILY = "1,2";
				TEST_TARGET_NAME = ifridge;
			};
			name = Debug;
		};
		8D8F757023C9BABA008D00EB /* Release */ = {
			isa = XCBuildConfiguration;
			buildSettings = {
				ALWAYS_EMBED_SWIFT_STANDARD_LIBRARIES = YES;
				CODE_SIGN_STYLE = Automatic;
				INFOPLIST_FILE = ifridgeUITests/Info.plist;
				LD_RUNPATH_SEARCH_PATHS = (
					"$(inherited)",
					"@executable_path/Frameworks",
					"@loader_path/Frameworks",
				);
				PRODUCT_BUNDLE_IDENTIFIER = com.sbhacksvi.ifridgeUITests;
				PRODUCT_NAME = "$(TARGET_NAME)";
				SWIFT_VERSION = 5.0;
				TARGETED_DEVICE_FAMILY = "1,2";
				TEST_TARGET_NAME = ifridge;
			};
			name = Release;
		};
/* End XCBuildConfiguration section */

/* Begin XCConfigurationList section */
		8D8F753923C9BAB8008D00EB /* Build configuration list for PBXProject "ifridge" */ = {
			isa = XCConfigurationList;
			buildConfigurations = (
				8D8F756623C9BABA008D00EB /* Debug */,
				8D8F756723C9BABA008D00EB /* Release */,
			);
			defaultConfigurationIsVisible = 0;
			defaultConfigurationName = Release;
		};
		8D8F756823C9BABA008D00EB /* Build configuration list for PBXNativeTarget "ifridge" */ = {
			isa = XCConfigurationList;
			buildConfigurations = (
				8D8F756923C9BABA008D00EB /* Debug */,
				8D8F756A23C9BABA008D00EB /* Release */,
			);
			defaultConfigurationIsVisible = 0;
			defaultConfigurationName = Release;
		};
		8D8F756B23C9BABA008D00EB /* Build configuration list for PBXNativeTarget "ifridgeTests" */ = {
			isa = XCConfigurationList;
			buildConfigurations = (
				8D8F756C23C9BABA008D00EB /* Debug */,
				8D8F756D23C9BABA008D00EB /* Release */,
			);
			defaultConfigurationIsVisible = 0;
			defaultConfigurationName = Release;
		};
		8D8F756E23C9BABA008D00EB /* Build configuration list for PBXNativeTarget "ifridgeUITests" */ = {
			isa = XCConfigurationList;
			buildConfigurations = (
				8D8F756F23C9BABA008D00EB /* Debug */,
				8D8F757023C9BABA008D00EB /* Release */,
			);
			defaultConfigurationIsVisible = 0;
			defaultConfigurationName = Release;
		};
/* End XCConfigurationList section */
	};
	rootObject = 8D8F753623C9BAB8008D00EB /* Project object */;
}
